{
  "version": 4,
  "terraform_version": "1.5.7",
  "serial": 273,
  "lineage": "549196e6-77c9-faaa-412e-2fb5341bbf42",
  "outputs": {},
  "resources": [
    {
      "mode": "data",
      "type": "aws_iam_policy_document",
      "name": "sqs_queue_policy_document",
      "provider": "provider[\"registry.terraform.io/hashicorp/aws\"]",
      "instances": [
        {
          "schema_version": 0,
          "attributes": {
            "id": "1312404656",
            "json": "{\n  \"Version\": \"2012-10-17\",\n  \"Statement\": [\n    {\n      \"Sid\": \"MakersWebSQSQueuesPolicy\",\n      \"Effect\": \"Allow\",\n      \"Action\": [\n        \"SQS:SendMessage\",\n        \"SQS:ReceiveMessage\",\n        \"SQS:PurgeQueue\",\n        \"SQS:ListDeadLetterSourceQueues\",\n        \"SQS:GetQueueUrl\",\n        \"SQS:DeleteMessage\",\n        \"SQS:ChangeMessageVisibility\"\n      ],\n      \"Resource\": \"*\",\n      \"Principal\": {\n        \"AWS\": \"*\"\n      }\n    }\n  ]\n}",
            "override_policy_documents": null,
            "policy_id": null,
            "source_policy_documents": null,
            "statement": [
              {
                "actions": [
                  "SQS:ChangeMessageVisibility",
                  "SQS:DeleteMessage",
                  "SQS:GetQueueUrl",
                  "SQS:ListDeadLetterSourceQueues",
                  "SQS:PurgeQueue",
                  "SQS:ReceiveMessage",
                  "SQS:SendMessage"
                ],
                "condition": [],
                "effect": "Allow",
                "not_actions": [],
                "not_principals": [],
                "not_resources": [],
                "principals": [
                  {
                    "identifiers": [
                      "*"
                    ],
                    "type": "AWS"
                  }
                ],
                "resources": [
                  "*"
                ],
                "sid": "MakersWebSQSQueuesPolicy"
              }
            ],
            "version": "2012-10-17"
          },
          "sensitive_attributes": []
        }
      ]
    },
    {
      "mode": "managed",
      "type": "aws_sns_topic",
      "name": "reversaRecebidaNotification",
      "provider": "provider[\"registry.terraform.io/hashicorp/aws\"]",
      "instances": [
        {
          "schema_version": 0,
          "attributes": {
            "application_failure_feedback_role_arn": "",
            "application_success_feedback_role_arn": "",
            "application_success_feedback_sample_rate": 0,
            "arn": "arn:aws:sns:us-east-1:000000000000:reversaRecebidaNotification",
            "content_based_deduplication": false,
            "delivery_policy": "",
            "display_name": "",
            "fifo_topic": false,
            "firehose_failure_feedback_role_arn": "",
            "firehose_success_feedback_role_arn": "",
            "firehose_success_feedback_sample_rate": 0,
            "http_failure_feedback_role_arn": "",
            "http_success_feedback_role_arn": "",
            "http_success_feedback_sample_rate": 0,
            "id": "arn:aws:sns:us-east-1:000000000000:reversaRecebidaNotification",
            "kms_master_key_id": "",
            "lambda_failure_feedback_role_arn": "",
            "lambda_success_feedback_role_arn": "",
            "lambda_success_feedback_sample_rate": 0,
            "name": "reversaRecebidaNotification",
            "name_prefix": "",
            "owner": "000000000000",
            "policy": "{\"Id\":\"__default_policy_ID\",\"Statement\":[{\"Action\":[\"SNS:GetTopicAttributes\",\"SNS:SetTopicAttributes\",\"SNS:AddPermission\",\"SNS:RemovePermission\",\"SNS:DeleteTopic\",\"SNS:Subscribe\",\"SNS:ListSubscriptionsByTopic\",\"SNS:Publish\",\"SNS:Receive\"],\"Condition\":{\"StringEquals\":{\"AWS:SourceOwner\":\"000000000000\"}},\"Effect\":\"Allow\",\"Principal\":{\"AWS\":\"*\"},\"Resource\":\"arn:aws:sns:us-east-1:000000000000:reversaRecebidaNotification\",\"Sid\":\"__default_statement_ID\"}],\"Version\":\"2008-10-17\"}",
            "signature_version": 0,
            "sqs_failure_feedback_role_arn": "",
            "sqs_success_feedback_role_arn": "",
            "sqs_success_feedback_sample_rate": 0,
            "tags": null,
            "tags_all": {},
            "tracing_config": ""
          },
          "sensitive_attributes": [],
          "private": "bnVsbA=="
        }
      ]
    },
    {
      "mode": "managed",
      "type": "aws_sns_topic_subscription",
      "name": "reversaPorBoletoQueue_subscription",
      "provider": "provider[\"registry.terraform.io/hashicorp/aws\"]",
      "instances": [
        {
          "schema_version": 0,
          "attributes": {
            "arn": "arn:aws:sns:us-east-1:000000000000:reversaRecebidaNotification:fcde61d2-57b6-4e09-83dd-70ada712695b",
            "confirmation_timeout_in_minutes": 1,
            "confirmation_was_authenticated": true,
            "delivery_policy": "",
            "endpoint": "arn:aws:sqs:us-east-1:000000000000:reversaPorBoletoQueue",
            "endpoint_auto_confirms": false,
            "filter_policy": "",
            "filter_policy_scope": "",
            "id": "arn:aws:sns:us-east-1:000000000000:reversaRecebidaNotification:fcde61d2-57b6-4e09-83dd-70ada712695b",
            "owner_id": "000000000000",
            "pending_confirmation": false,
            "protocol": "sqs",
            "raw_message_delivery": true,
            "redrive_policy": "",
            "subscription_role_arn": "",
            "topic_arn": "arn:aws:sns:us-east-1:000000000000:reversaRecebidaNotification"
          },
          "sensitive_attributes": [],
          "private": "bnVsbA==",
          "dependencies": [
            "aws_sns_topic.reversaRecebidaNotification",
            "aws_sqs_queue.reversaPorBoletoQueue",
            "aws_sqs_queue.reversaPorBoletoQueue_dlq"
          ]
        }
      ]
    },
    {
      "mode": "managed",
      "type": "aws_sns_topic_subscription",
      "name": "reversaPorCartaoCreditoQueue_subscription",
      "provider": "provider[\"registry.terraform.io/hashicorp/aws\"]",
      "instances": [
        {
          "schema_version": 0,
          "attributes": {
            "arn": "arn:aws:sns:us-east-1:000000000000:reversaRecebidaNotification:f5aaae3c-cbfb-421b-aa8f-d57ac0ca52b9",
            "confirmation_timeout_in_minutes": 1,
            "confirmation_was_authenticated": true,
            "delivery_policy": "",
            "endpoint": "arn:aws:sqs:us-east-1:000000000000:reversaPorCartaoCreditoQueue",
            "endpoint_auto_confirms": false,
            "filter_policy": "",
            "filter_policy_scope": "",
            "id": "arn:aws:sns:us-east-1:000000000000:reversaRecebidaNotification:f5aaae3c-cbfb-421b-aa8f-d57ac0ca52b9",
            "owner_id": "000000000000",
            "pending_confirmation": false,
            "protocol": "sqs",
            "raw_message_delivery": true,
            "redrive_policy": "",
            "subscription_role_arn": "",
            "topic_arn": "arn:aws:sns:us-east-1:000000000000:reversaRecebidaNotification"
          },
          "sensitive_attributes": [],
          "private": "bnVsbA==",
          "dependencies": [
            "aws_sns_topic.reversaRecebidaNotification",
            "aws_sqs_queue.reversaPorCartaoCreditoQueue",
            "aws_sqs_queue.reversaPorCartaoCreditoQueue_dlq"
          ]
        }
      ]
    },
    {
      "mode": "managed",
      "type": "aws_sns_topic_subscription",
      "name": "reversaPorCartaoDebitoQueue_subscription",
      "provider": "provider[\"registry.terraform.io/hashicorp/aws\"]",
      "instances": [
        {
          "schema_version": 0,
          "attributes": {
            "arn": "arn:aws:sns:us-east-1:000000000000:reversaRecebidaNotification:246f4ce7-1e0a-43e1-a05f-745c86241d5c",
            "confirmation_timeout_in_minutes": 1,
            "confirmation_was_authenticated": true,
            "delivery_policy": "",
            "endpoint": "arn:aws:sqs:us-east-1:000000000000:reversaPorCartaoDebitoQueue",
            "endpoint_auto_confirms": false,
            "filter_policy": "",
            "filter_policy_scope": "",
            "id": "arn:aws:sns:us-east-1:000000000000:reversaRecebidaNotification:246f4ce7-1e0a-43e1-a05f-745c86241d5c",
            "owner_id": "000000000000",
            "pending_confirmation": false,
            "protocol": "sqs",
            "raw_message_delivery": true,
            "redrive_policy": "",
            "subscription_role_arn": "",
            "topic_arn": "arn:aws:sns:us-east-1:000000000000:reversaRecebidaNotification"
          },
          "sensitive_attributes": [],
          "private": "bnVsbA==",
          "dependencies": [
            "aws_sns_topic.reversaRecebidaNotification",
            "aws_sqs_queue.reversaPorCartaoDebitoQueue",
            "aws_sqs_queue.reversaPorCartaoDebitoQueue_dlq"
          ]
        }
      ]
    },
    {
      "mode": "managed",
      "type": "aws_sns_topic_subscription",
      "name": "reversaPorPixQueue_subscription",
      "provider": "provider[\"registry.terraform.io/hashicorp/aws\"]",
      "instances": [
        {
          "schema_version": 0,
          "attributes": {
            "arn": "arn:aws:sns:us-east-1:000000000000:reversaRecebidaNotification:c3e90648-60f5-4362-9779-6f3aac7b2543",
            "confirmation_timeout_in_minutes": 1,
            "confirmation_was_authenticated": true,
            "delivery_policy": "",
            "endpoint": "arn:aws:sqs:us-east-1:000000000000:reversaPorPixQueue",
            "endpoint_auto_confirms": false,
            "filter_policy": "",
            "filter_policy_scope": "",
            "id": "arn:aws:sns:us-east-1:000000000000:reversaRecebidaNotification:c3e90648-60f5-4362-9779-6f3aac7b2543",
            "owner_id": "000000000000",
            "pending_confirmation": false,
            "protocol": "sqs",
            "raw_message_delivery": true,
            "redrive_policy": "",
            "subscription_role_arn": "",
            "topic_arn": "arn:aws:sns:us-east-1:000000000000:reversaRecebidaNotification"
          },
          "sensitive_attributes": [],
          "private": "bnVsbA==",
          "dependencies": [
            "aws_sns_topic.reversaRecebidaNotification",
            "aws_sqs_queue.reversaPorPixQueue",
            "aws_sqs_queue.reversaPorPixQueue_dlq"
          ]
        }
      ]
    },
    {
      "mode": "managed",
      "type": "aws_sqs_queue",
      "name": "recebeReversaDoPedidoQueue",
      "provider": "provider[\"registry.terraform.io/hashicorp/aws\"]",
      "instances": [
        {
          "schema_version": 0,
          "attributes": {
            "arn": "arn:aws:sqs:us-east-1:000000000000:recebeReversaDoPedidoQueue",
            "content_based_deduplication": false,
            "deduplication_scope": "",
            "delay_seconds": 0,
            "fifo_queue": false,
            "fifo_throughput_limit": "",
            "id": "http://localhost:4566/000000000000/recebeReversaDoPedidoQueue",
            "kms_data_key_reuse_period_seconds": 300,
            "kms_master_key_id": "",
            "max_message_size": 262144,
            "message_retention_seconds": 1209600,
            "name": "recebeReversaDoPedidoQueue",
            "name_prefix": "",
            "policy": "",
            "receive_wait_time_seconds": 5,
            "redrive_allow_policy": "",
            "redrive_policy": "{\"deadLetterTargetArn\":\"arn:aws:sqs:us-east-1:000000000000:recebeReversaDoPedidoQueue-dlq\",\"maxReceiveCount\":5}",
            "sqs_managed_sse_enabled": true,
            "tags": null,
            "tags_all": {},
            "url": "http://localhost:4566/000000000000/recebeReversaDoPedidoQueue",
            "visibility_timeout_seconds": 30
          },
          "sensitive_attributes": [],
          "private": "bnVsbA==",
          "dependencies": [
            "aws_sqs_queue.recebeReversaDoPedidoQueue_dlq"
          ]
        }
      ]
    },
    {
      "mode": "managed",
      "type": "aws_sqs_queue",
      "name": "recebeReversaDoPedidoQueue_dlq",
      "provider": "provider[\"registry.terraform.io/hashicorp/aws\"]",
      "instances": [
        {
          "schema_version": 0,
          "attributes": {
            "arn": "arn:aws:sqs:us-east-1:000000000000:recebeReversaDoPedidoQueue-dlq",
            "content_based_deduplication": false,
            "deduplication_scope": "",
            "delay_seconds": 0,
            "fifo_queue": false,
            "fifo_throughput_limit": "",
            "id": "http://localhost:4566/000000000000/recebeReversaDoPedidoQueue-dlq",
            "kms_data_key_reuse_period_seconds": 300,
            "kms_master_key_id": "",
            "max_message_size": 262144,
            "message_retention_seconds": 1209600,
            "name": "recebeReversaDoPedidoQueue-dlq",
            "name_prefix": "",
            "policy": "",
            "receive_wait_time_seconds": 0,
            "redrive_allow_policy": "",
            "redrive_policy": "",
            "sqs_managed_sse_enabled": true,
            "tags": null,
            "tags_all": {},
            "url": "http://localhost:4566/000000000000/recebeReversaDoPedidoQueue-dlq",
            "visibility_timeout_seconds": 30
          },
          "sensitive_attributes": [],
          "private": "bnVsbA=="
        }
      ]
    },
    {
      "mode": "managed",
      "type": "aws_sqs_queue",
      "name": "reversaPorBoletoQueue",
      "provider": "provider[\"registry.terraform.io/hashicorp/aws\"]",
      "instances": [
        {
          "schema_version": 0,
          "attributes": {
            "arn": "arn:aws:sqs:us-east-1:000000000000:reversaPorBoletoQueue",
            "content_based_deduplication": false,
            "deduplication_scope": "",
            "delay_seconds": 0,
            "fifo_queue": false,
            "fifo_throughput_limit": "",
            "id": "http://localhost:4566/000000000000/reversaPorBoletoQueue",
            "kms_data_key_reuse_period_seconds": 300,
            "kms_master_key_id": "",
            "max_message_size": 262144,
            "message_retention_seconds": 1209600,
            "name": "reversaPorBoletoQueue",
            "name_prefix": "",
            "policy": "",
            "receive_wait_time_seconds": 5,
            "redrive_allow_policy": "",
            "redrive_policy": "{\"deadLetterTargetArn\":\"arn:aws:sqs:us-east-1:000000000000:reversaPorBoletoQueue-dlq\",\"maxReceiveCount\":5}",
            "sqs_managed_sse_enabled": true,
            "tags": null,
            "tags_all": {},
            "url": "http://localhost:4566/000000000000/reversaPorBoletoQueue",
            "visibility_timeout_seconds": 30
          },
          "sensitive_attributes": [],
          "private": "bnVsbA==",
          "dependencies": [
            "aws_sqs_queue.reversaPorBoletoQueue_dlq"
          ]
        }
      ]
    },
    {
      "mode": "managed",
      "type": "aws_sqs_queue",
      "name": "reversaPorBoletoQueue_dlq",
      "provider": "provider[\"registry.terraform.io/hashicorp/aws\"]",
      "instances": [
        {
          "schema_version": 0,
          "attributes": {
            "arn": "arn:aws:sqs:us-east-1:000000000000:reversaPorBoletoQueue-dlq",
            "content_based_deduplication": false,
            "deduplication_scope": "",
            "delay_seconds": 0,
            "fifo_queue": false,
            "fifo_throughput_limit": "",
            "id": "http://localhost:4566/000000000000/reversaPorBoletoQueue-dlq",
            "kms_data_key_reuse_period_seconds": 300,
            "kms_master_key_id": "",
            "max_message_size": 262144,
            "message_retention_seconds": 1209600,
            "name": "reversaPorBoletoQueue-dlq",
            "name_prefix": "",
            "policy": "",
            "receive_wait_time_seconds": 0,
            "redrive_allow_policy": "",
            "redrive_policy": "",
            "sqs_managed_sse_enabled": true,
            "tags": null,
            "tags_all": {},
            "url": "http://localhost:4566/000000000000/reversaPorBoletoQueue-dlq",
            "visibility_timeout_seconds": 30
          },
          "sensitive_attributes": [],
          "private": "bnVsbA=="
        }
      ]
    },
    {
      "mode": "managed",
      "type": "aws_sqs_queue",
      "name": "reversaPorCartaoCreditoQueue",
      "provider": "provider[\"registry.terraform.io/hashicorp/aws\"]",
      "instances": [
        {
          "schema_version": 0,
          "attributes": {
            "arn": "arn:aws:sqs:us-east-1:000000000000:reversaPorCartaoCreditoQueue",
            "content_based_deduplication": false,
            "deduplication_scope": "",
            "delay_seconds": 0,
            "fifo_queue": false,
            "fifo_throughput_limit": "",
            "id": "http://localhost:4566/000000000000/reversaPorCartaoCreditoQueue",
            "kms_data_key_reuse_period_seconds": 300,
            "kms_master_key_id": "",
            "max_message_size": 262144,
            "message_retention_seconds": 1209600,
            "name": "reversaPorCartaoCreditoQueue",
            "name_prefix": "",
            "policy": "",
            "receive_wait_time_seconds": 5,
            "redrive_allow_policy": "",
            "redrive_policy": "{\"deadLetterTargetArn\":\"arn:aws:sqs:us-east-1:000000000000:reversaPorCartaoCreditoQueue-dlq\",\"maxReceiveCount\":5}",
            "sqs_managed_sse_enabled": true,
            "tags": null,
            "tags_all": {},
            "url": "http://localhost:4566/000000000000/reversaPorCartaoCreditoQueue",
            "visibility_timeout_seconds": 30
          },
          "sensitive_attributes": [],
          "private": "bnVsbA==",
          "dependencies": [
            "aws_sqs_queue.reversaPorCartaoCreditoQueue_dlq"
          ]
        }
      ]
    },
    {
      "mode": "managed",
      "type": "aws_sqs_queue",
      "name": "reversaPorCartaoCreditoQueue_dlq",
      "provider": "provider[\"registry.terraform.io/hashicorp/aws\"]",
      "instances": [
        {
          "schema_version": 0,
          "attributes": {
            "arn": "arn:aws:sqs:us-east-1:000000000000:reversaPorCartaoCreditoQueue-dlq",
            "content_based_deduplication": false,
            "deduplication_scope": "",
            "delay_seconds": 0,
            "fifo_queue": false,
            "fifo_throughput_limit": "",
            "id": "http://localhost:4566/000000000000/reversaPorCartaoCreditoQueue-dlq",
            "kms_data_key_reuse_period_seconds": 300,
            "kms_master_key_id": "",
            "max_message_size": 262144,
            "message_retention_seconds": 1209600,
            "name": "reversaPorCartaoCreditoQueue-dlq",
            "name_prefix": "",
            "policy": "",
            "receive_wait_time_seconds": 0,
            "redrive_allow_policy": "",
            "redrive_policy": "",
            "sqs_managed_sse_enabled": true,
            "tags": null,
            "tags_all": {},
            "url": "http://localhost:4566/000000000000/reversaPorCartaoCreditoQueue-dlq",
            "visibility_timeout_seconds": 30
          },
          "sensitive_attributes": [],
          "private": "bnVsbA=="
        }
      ]
    },
    {
      "mode": "managed",
      "type": "aws_sqs_queue",
      "name": "reversaPorCartaoDebitoQueue",
      "provider": "provider[\"registry.terraform.io/hashicorp/aws\"]",
      "instances": [
        {
          "schema_version": 0,
          "attributes": {
            "arn": "arn:aws:sqs:us-east-1:000000000000:reversaPorCartaoDebitoQueue",
            "content_based_deduplication": false,
            "deduplication_scope": "",
            "delay_seconds": 0,
            "fifo_queue": false,
            "fifo_throughput_limit": "",
            "id": "http://localhost:4566/000000000000/reversaPorCartaoDebitoQueue",
            "kms_data_key_reuse_period_seconds": 300,
            "kms_master_key_id": "",
            "max_message_size": 262144,
            "message_retention_seconds": 1209600,
            "name": "reversaPorCartaoDebitoQueue",
            "name_prefix": "",
            "policy": "",
            "receive_wait_time_seconds": 5,
            "redrive_allow_policy": "",
            "redrive_policy": "{\"deadLetterTargetArn\":\"arn:aws:sqs:us-east-1:000000000000:reversaPorCartaoDebitoQueue-dlq\",\"maxReceiveCount\":5}",
            "sqs_managed_sse_enabled": true,
            "tags": null,
            "tags_all": {},
            "url": "http://localhost:4566/000000000000/reversaPorCartaoDebitoQueue",
            "visibility_timeout_seconds": 30
          },
          "sensitive_attributes": [],
          "private": "bnVsbA==",
          "dependencies": [
            "aws_sqs_queue.reversaPorCartaoDebitoQueue_dlq"
          ]
        }
      ]
    },
    {
      "mode": "managed",
      "type": "aws_sqs_queue",
      "name": "reversaPorCartaoDebitoQueue_dlq",
      "provider": "provider[\"registry.terraform.io/hashicorp/aws\"]",
      "instances": [
        {
          "schema_version": 0,
          "attributes": {
            "arn": "arn:aws:sqs:us-east-1:000000000000:reversaPorCartaoDebitoQueue-dlq",
            "content_based_deduplication": false,
            "deduplication_scope": "",
            "delay_seconds": 0,
            "fifo_queue": false,
            "fifo_throughput_limit": "",
            "id": "http://localhost:4566/000000000000/reversaPorCartaoDebitoQueue-dlq",
            "kms_data_key_reuse_period_seconds": 300,
            "kms_master_key_id": "",
            "max_message_size": 262144,
            "message_retention_seconds": 1209600,
            "name": "reversaPorCartaoDebitoQueue-dlq",
            "name_prefix": "",
            "policy": "",
            "receive_wait_time_seconds": 0,
            "redrive_allow_policy": "",
            "redrive_policy": "",
            "sqs_managed_sse_enabled": true,
            "tags": null,
            "tags_all": {},
            "url": "http://localhost:4566/000000000000/reversaPorCartaoDebitoQueue-dlq",
            "visibility_timeout_seconds": 30
          },
          "sensitive_attributes": [],
          "private": "bnVsbA=="
        }
      ]
    },
    {
      "mode": "managed",
      "type": "aws_sqs_queue",
      "name": "reversaPorPixQueue",
      "provider": "provider[\"registry.terraform.io/hashicorp/aws\"]",
      "instances": [
        {
          "schema_version": 0,
          "attributes": {
            "arn": "arn:aws:sqs:us-east-1:000000000000:reversaPorPixQueue",
            "content_based_deduplication": false,
            "deduplication_scope": "",
            "delay_seconds": 0,
            "fifo_queue": false,
            "fifo_throughput_limit": "",
            "id": "http://localhost:4566/000000000000/reversaPorPixQueue",
            "kms_data_key_reuse_period_seconds": 300,
            "kms_master_key_id": "",
            "max_message_size": 262144,
            "message_retention_seconds": 1209600,
            "name": "reversaPorPixQueue",
            "name_prefix": "",
            "policy": "",
            "receive_wait_time_seconds": 5,
            "redrive_allow_policy": "",
            "redrive_policy": "{\"deadLetterTargetArn\":\"arn:aws:sqs:us-east-1:000000000000:reversaPorPixQueue-dlq\",\"maxReceiveCount\":5}",
            "sqs_managed_sse_enabled": true,
            "tags": null,
            "tags_all": {},
            "url": "http://localhost:4566/000000000000/reversaPorPixQueue",
            "visibility_timeout_seconds": 30
          },
          "sensitive_attributes": [],
          "private": "bnVsbA==",
          "dependencies": [
            "aws_sqs_queue.reversaPorPixQueue_dlq"
          ]
        }
      ]
    },
    {
      "mode": "managed",
      "type": "aws_sqs_queue",
      "name": "reversaPorPixQueue_dlq",
      "provider": "provider[\"registry.terraform.io/hashicorp/aws\"]",
      "instances": [
        {
          "schema_version": 0,
          "attributes": {
            "arn": "arn:aws:sqs:us-east-1:000000000000:reversaPorPixQueue-dlq",
            "content_based_deduplication": false,
            "deduplication_scope": "",
            "delay_seconds": 0,
            "fifo_queue": false,
            "fifo_throughput_limit": "",
            "id": "http://localhost:4566/000000000000/reversaPorPixQueue-dlq",
            "kms_data_key_reuse_period_seconds": 300,
            "kms_master_key_id": "",
            "max_message_size": 262144,
            "message_retention_seconds": 1209600,
            "name": "reversaPorPixQueue-dlq",
            "name_prefix": "",
            "policy": "",
            "receive_wait_time_seconds": 0,
            "redrive_allow_policy": "",
            "redrive_policy": "",
            "sqs_managed_sse_enabled": true,
            "tags": null,
            "tags_all": {},
            "url": "http://localhost:4566/000000000000/reversaPorPixQueue-dlq",
            "visibility_timeout_seconds": 30
          },
          "sensitive_attributes": [],
          "private": "bnVsbA=="
        }
      ]
    },
    {
      "mode": "managed",
      "type": "aws_sqs_queue_policy",
      "name": "recebeReversaDoPedidoQueue_dlq_policy",
      "provider": "provider[\"registry.terraform.io/hashicorp/aws\"]",
      "instances": [
        {
          "schema_version": 1,
          "attributes": {
            "id": "http://localhost:4566/000000000000/recebeReversaDoPedidoQueue-dlq",
            "policy": "{\"Statement\":[{\"Action\":[\"SQS:SendMessage\",\"SQS:ReceiveMessage\",\"SQS:PurgeQueue\",\"SQS:ListDeadLetterSourceQueues\",\"SQS:GetQueueUrl\",\"SQS:DeleteMessage\",\"SQS:ChangeMessageVisibility\"],\"Effect\":\"Allow\",\"Principal\":{\"AWS\":\"*\"},\"Resource\":\"*\",\"Sid\":\"MakersWebSQSQueuesPolicy\"}],\"Version\":\"2012-10-17\"}",
            "queue_url": "http://localhost:4566/000000000000/recebeReversaDoPedidoQueue-dlq"
          },
          "sensitive_attributes": [],
          "private": "eyJzY2hlbWFfdmVyc2lvbiI6IjEifQ==",
          "dependencies": [
            "aws_sqs_queue.recebeReversaDoPedidoQueue_dlq",
            "data.aws_iam_policy_document.sqs_queue_policy_document"
          ]
        }
      ]
    },
    {
      "mode": "managed",
      "type": "aws_sqs_queue_policy",
      "name": "recebeReversaDoPedidoQueue_policy",
      "provider": "provider[\"registry.terraform.io/hashicorp/aws\"]",
      "instances": [
        {
          "schema_version": 1,
          "attributes": {
            "id": "http://localhost:4566/000000000000/recebeReversaDoPedidoQueue",
            "policy": "{\"Statement\":[{\"Action\":[\"SQS:SendMessage\",\"SQS:ReceiveMessage\",\"SQS:PurgeQueue\",\"SQS:ListDeadLetterSourceQueues\",\"SQS:GetQueueUrl\",\"SQS:DeleteMessage\",\"SQS:ChangeMessageVisibility\"],\"Effect\":\"Allow\",\"Principal\":{\"AWS\":\"*\"},\"Resource\":\"*\",\"Sid\":\"MakersWebSQSQueuesPolicy\"}],\"Version\":\"2012-10-17\"}",
            "queue_url": "http://localhost:4566/000000000000/recebeReversaDoPedidoQueue"
          },
          "sensitive_attributes": [],
          "private": "eyJzY2hlbWFfdmVyc2lvbiI6IjEifQ==",
          "dependencies": [
            "aws_sqs_queue.recebeReversaDoPedidoQueue",
            "aws_sqs_queue.recebeReversaDoPedidoQueue_dlq",
            "data.aws_iam_policy_document.sqs_queue_policy_document"
          ]
        }
      ]
    },
    {
      "mode": "managed",
      "type": "aws_sqs_queue_policy",
      "name": "reversaPorBoletoQueue_dlq_policy",
      "provider": "provider[\"registry.terraform.io/hashicorp/aws\"]",
      "instances": [
        {
          "schema_version": 1,
          "attributes": {
            "id": "http://localhost:4566/000000000000/reversaPorBoletoQueue-dlq",
            "policy": "{\"Statement\":[{\"Action\":[\"SQS:SendMessage\",\"SQS:ReceiveMessage\",\"SQS:PurgeQueue\",\"SQS:ListDeadLetterSourceQueues\",\"SQS:GetQueueUrl\",\"SQS:DeleteMessage\",\"SQS:ChangeMessageVisibility\"],\"Effect\":\"Allow\",\"Principal\":{\"AWS\":\"*\"},\"Resource\":\"*\",\"Sid\":\"MakersWebSQSQueuesPolicy\"}],\"Version\":\"2012-10-17\"}",
            "queue_url": "http://localhost:4566/000000000000/reversaPorBoletoQueue-dlq"
          },
          "sensitive_attributes": [],
          "private": "eyJzY2hlbWFfdmVyc2lvbiI6IjEifQ==",
          "dependencies": [
            "aws_sqs_queue.reversaPorBoletoQueue_dlq",
            "data.aws_iam_policy_document.sqs_queue_policy_document"
          ]
        }
      ]
    },
    {
      "mode": "managed",
      "type": "aws_sqs_queue_policy",
      "name": "reversaPorBoletoQueue_policy",
      "provider": "provider[\"registry.terraform.io/hashicorp/aws\"]",
      "instances": [
        {
          "status": "tainted",
          "schema_version": 1,
          "attributes": {
            "id": "http://localhost:4566/000000000000/reversaPorBoletoQueue",
            "policy": "{\"Statement\":[{\"Action\":[\"SQS:SendMessage\",\"SQS:ReceiveMessage\",\"SQS:PurgeQueue\",\"SQS:ListDeadLetterSourceQueues\",\"SQS:GetQueueUrl\",\"SQS:DeleteMessage\",\"SQS:ChangeMessageVisibility\"],\"Effect\":\"Allow\",\"Principal\":{\"AWS\":\"*\"},\"Resource\":\"*\",\"Sid\":\"MakersWebSQSQueuesPolicy\"}],\"Version\":\"2012-10-17\"}",
            "queue_url": "http://localhost:4566/000000000000/reversaPorBoletoQueue"
          },
          "sensitive_attributes": [],
          "private": "eyJzY2hlbWFfdmVyc2lvbiI6IjEifQ==",
          "dependencies": [
            "aws_sqs_queue.reversaPorBoletoQueue",
            "aws_sqs_queue.reversaPorBoletoQueue_dlq",
            "data.aws_iam_policy_document.sqs_queue_policy_document"
          ]
        }
      ]
    },
    {
      "mode": "managed",
      "type": "aws_sqs_queue_policy",
      "name": "reversaPorBoletoQueue_subscription",
      "provider": "provider[\"registry.terraform.io/hashicorp/aws\"]",
      "instances": [
        {
          "schema_version": 1,
          "attributes": {
            "id": "http://localhost:4566/000000000000/reversaPorBoletoQueue",
            "policy": "{\"Statement\":[{\"Action\":[\"sqs:SendMessage\"],\"Condition\":{\"ArnEquals\":{\"aws:SourceArn\":\"arn:aws:sns:us-east-1:000000000000:reversaRecebidaNotification\"}},\"Effect\":\"Allow\",\"Principal\":{\"Service\":\"sns.amazonaws.com\"},\"Resource\":[\"arn:aws:sqs:us-east-1:000000000000:reversaPorBoletoQueue\"]}],\"Version\":\"2012-10-17\"}",
            "queue_url": "http://localhost:4566/000000000000/reversaPorBoletoQueue"
          },
          "sensitive_attributes": [],
          "private": "eyJzY2hlbWFfdmVyc2lvbiI6IjEifQ==",
          "dependencies": [
            "aws_sns_topic.reversaRecebidaNotification",
            "aws_sqs_queue.reversaPorBoletoQueue",
            "aws_sqs_queue.reversaPorBoletoQueue_dlq"
          ]
        }
      ]
    },
    {
      "mode": "managed",
      "type": "aws_sqs_queue_policy",
      "name": "reversaPorCartaoCreditoQueue_dlq_policy",
      "provider": "provider[\"registry.terraform.io/hashicorp/aws\"]",
      "instances": [
        {
          "schema_version": 1,
          "attributes": {
            "id": "http://localhost:4566/000000000000/reversaPorCartaoCreditoQueue-dlq",
            "policy": "{\"Statement\":[{\"Action\":[\"SQS:SendMessage\",\"SQS:ReceiveMessage\",\"SQS:PurgeQueue\",\"SQS:ListDeadLetterSourceQueues\",\"SQS:GetQueueUrl\",\"SQS:DeleteMessage\",\"SQS:ChangeMessageVisibility\"],\"Effect\":\"Allow\",\"Principal\":{\"AWS\":\"*\"},\"Resource\":\"*\",\"Sid\":\"MakersWebSQSQueuesPolicy\"}],\"Version\":\"2012-10-17\"}",
            "queue_url": "http://localhost:4566/000000000000/reversaPorCartaoCreditoQueue-dlq"
          },
          "sensitive_attributes": [],
          "private": "eyJzY2hlbWFfdmVyc2lvbiI6IjEifQ==",
          "dependencies": [
            "aws_sqs_queue.reversaPorCartaoCreditoQueue_dlq",
            "data.aws_iam_policy_document.sqs_queue_policy_document"
          ]
        }
      ]
    },
    {
      "mode": "managed",
      "type": "aws_sqs_queue_policy",
      "name": "reversaPorCartaoCreditoQueue_policy",
      "provider": "provider[\"registry.terraform.io/hashicorp/aws\"]",
      "instances": [
        {
          "status": "tainted",
          "schema_version": 1,
          "attributes": {
            "id": "http://localhost:4566/000000000000/reversaPorCartaoCreditoQueue",
            "policy": "{\"Statement\":[{\"Action\":[\"SQS:SendMessage\",\"SQS:ReceiveMessage\",\"SQS:PurgeQueue\",\"SQS:ListDeadLetterSourceQueues\",\"SQS:GetQueueUrl\",\"SQS:DeleteMessage\",\"SQS:ChangeMessageVisibility\"],\"Effect\":\"Allow\",\"Principal\":{\"AWS\":\"*\"},\"Resource\":\"*\",\"Sid\":\"MakersWebSQSQueuesPolicy\"}],\"Version\":\"2012-10-17\"}",
            "queue_url": "http://localhost:4566/000000000000/reversaPorCartaoCreditoQueue"
          },
          "sensitive_attributes": [],
          "private": "eyJzY2hlbWFfdmVyc2lvbiI6IjEifQ==",
          "dependencies": [
            "aws_sqs_queue.reversaPorCartaoCreditoQueue",
            "aws_sqs_queue.reversaPorCartaoCreditoQueue_dlq",
            "data.aws_iam_policy_document.sqs_queue_policy_document"
          ]
        }
      ]
    },
    {
      "mode": "managed",
      "type": "aws_sqs_queue_policy",
      "name": "reversaPorCartaoCreditoQueue_subscription",
      "provider": "provider[\"registry.terraform.io/hashicorp/aws\"]",
      "instances": [
        {
          "schema_version": 1,
          "attributes": {
            "id": "http://localhost:4566/000000000000/reversaPorCartaoCreditoQueue",
            "policy": "{\"Statement\":[{\"Action\":[\"sqs:SendMessage\"],\"Condition\":{\"ArnEquals\":{\"aws:SourceArn\":\"arn:aws:sns:us-east-1:000000000000:reversaRecebidaNotification\"}},\"Effect\":\"Allow\",\"Principal\":{\"Service\":\"sns.amazonaws.com\"},\"Resource\":[\"arn:aws:sqs:us-east-1:000000000000:reversaPorCartaoCreditoQueue\"]}],\"Version\":\"2012-10-17\"}",
            "queue_url": "http://localhost:4566/000000000000/reversaPorCartaoCreditoQueue"
          },
          "sensitive_attributes": [],
          "private": "eyJzY2hlbWFfdmVyc2lvbiI6IjEifQ==",
          "dependencies": [
            "aws_sns_topic.reversaRecebidaNotification",
            "aws_sqs_queue.reversaPorCartaoCreditoQueue",
            "aws_sqs_queue.reversaPorCartaoCreditoQueue_dlq"
          ]
        }
      ]
    },
    {
      "mode": "managed",
      "type": "aws_sqs_queue_policy",
      "name": "reversaPorCartaoDebitoQueue_dlq_policy",
      "provider": "provider[\"registry.terraform.io/hashicorp/aws\"]",
      "instances": [
        {
          "schema_version": 1,
          "attributes": {
            "id": "http://localhost:4566/000000000000/reversaPorCartaoDebitoQueue-dlq",
            "policy": "{\"Statement\":[{\"Action\":[\"SQS:SendMessage\",\"SQS:ReceiveMessage\",\"SQS:PurgeQueue\",\"SQS:ListDeadLetterSourceQueues\",\"SQS:GetQueueUrl\",\"SQS:DeleteMessage\",\"SQS:ChangeMessageVisibility\"],\"Effect\":\"Allow\",\"Principal\":{\"AWS\":\"*\"},\"Resource\":\"*\",\"Sid\":\"MakersWebSQSQueuesPolicy\"}],\"Version\":\"2012-10-17\"}",
            "queue_url": "http://localhost:4566/000000000000/reversaPorCartaoDebitoQueue-dlq"
          },
          "sensitive_attributes": [],
          "private": "eyJzY2hlbWFfdmVyc2lvbiI6IjEifQ==",
          "dependencies": [
            "aws_sqs_queue.reversaPorCartaoDebitoQueue_dlq",
            "data.aws_iam_policy_document.sqs_queue_policy_document"
          ]
        }
      ]
    },
    {
      "mode": "managed",
      "type": "aws_sqs_queue_policy",
      "name": "reversaPorCartaoDebitoQueue_policy",
      "provider": "provider[\"registry.terraform.io/hashicorp/aws\"]",
      "instances": [
        {
          "status": "tainted",
          "schema_version": 1,
          "attributes": {
            "id": "http://localhost:4566/000000000000/reversaPorCartaoDebitoQueue",
            "policy": "{\"Statement\":[{\"Action\":[\"SQS:SendMessage\",\"SQS:ReceiveMessage\",\"SQS:PurgeQueue\",\"SQS:ListDeadLetterSourceQueues\",\"SQS:GetQueueUrl\",\"SQS:DeleteMessage\",\"SQS:ChangeMessageVisibility\"],\"Effect\":\"Allow\",\"Principal\":{\"AWS\":\"*\"},\"Resource\":\"*\",\"Sid\":\"MakersWebSQSQueuesPolicy\"}],\"Version\":\"2012-10-17\"}",
            "queue_url": "http://localhost:4566/000000000000/reversaPorCartaoDebitoQueue"
          },
          "sensitive_attributes": [],
          "private": "eyJzY2hlbWFfdmVyc2lvbiI6IjEifQ==",
          "dependencies": [
            "aws_sqs_queue.reversaPorCartaoDebitoQueue",
            "aws_sqs_queue.reversaPorCartaoDebitoQueue_dlq",
            "data.aws_iam_policy_document.sqs_queue_policy_document"
          ]
        }
      ]
    },
    {
      "mode": "managed",
      "type": "aws_sqs_queue_policy",
      "name": "reversaPorCartaoDebitoQueue_subscription",
      "provider": "provider[\"registry.terraform.io/hashicorp/aws\"]",
      "instances": [
        {
          "schema_version": 1,
          "attributes": {
            "id": "http://localhost:4566/000000000000/reversaPorCartaoDebitoQueue",
            "policy": "{\"Statement\":[{\"Action\":[\"sqs:SendMessage\"],\"Condition\":{\"ArnEquals\":{\"aws:SourceArn\":\"arn:aws:sns:us-east-1:000000000000:reversaRecebidaNotification\"}},\"Effect\":\"Allow\",\"Principal\":{\"Service\":\"sns.amazonaws.com\"},\"Resource\":[\"arn:aws:sqs:us-east-1:000000000000:reversaPorCartaoDebitoQueue\"]}],\"Version\":\"2012-10-17\"}",
            "queue_url": "http://localhost:4566/000000000000/reversaPorCartaoDebitoQueue"
          },
          "sensitive_attributes": [],
          "private": "eyJzY2hlbWFfdmVyc2lvbiI6IjEifQ==",
          "dependencies": [
            "aws_sns_topic.reversaRecebidaNotification",
            "aws_sqs_queue.reversaPorCartaoDebitoQueue",
            "aws_sqs_queue.reversaPorCartaoDebitoQueue_dlq"
          ]
        }
      ]
    },
    {
      "mode": "managed",
      "type": "aws_sqs_queue_policy",
      "name": "reversaPorPixQueue_dlq_policy",
      "provider": "provider[\"registry.terraform.io/hashicorp/aws\"]",
      "instances": [
        {
          "schema_version": 1,
          "attributes": {
            "id": "http://localhost:4566/000000000000/reversaPorPixQueue-dlq",
            "policy": "{\"Statement\":[{\"Action\":[\"SQS:SendMessage\",\"SQS:ReceiveMessage\",\"SQS:PurgeQueue\",\"SQS:ListDeadLetterSourceQueues\",\"SQS:GetQueueUrl\",\"SQS:DeleteMessage\",\"SQS:ChangeMessageVisibility\"],\"Effect\":\"Allow\",\"Principal\":{\"AWS\":\"*\"},\"Resource\":\"*\",\"Sid\":\"MakersWebSQSQueuesPolicy\"}],\"Version\":\"2012-10-17\"}",
            "queue_url": "http://localhost:4566/000000000000/reversaPorPixQueue-dlq"
          },
          "sensitive_attributes": [],
          "private": "eyJzY2hlbWFfdmVyc2lvbiI6IjEifQ==",
          "dependencies": [
            "aws_sqs_queue.reversaPorPixQueue_dlq",
            "data.aws_iam_policy_document.sqs_queue_policy_document"
          ]
        }
      ]
    },
    {
      "mode": "managed",
      "type": "aws_sqs_queue_policy",
      "name": "reversaPorPixQueue_policy",
      "provider": "provider[\"registry.terraform.io/hashicorp/aws\"]",
      "instances": [
        {
          "schema_version": 1,
          "attributes": {
            "id": "http://localhost:4566/000000000000/reversaPorPixQueue",
            "policy": "{\"Statement\":[{\"Action\":[\"SQS:SendMessage\",\"SQS:ReceiveMessage\",\"SQS:PurgeQueue\",\"SQS:ListDeadLetterSourceQueues\",\"SQS:GetQueueUrl\",\"SQS:DeleteMessage\",\"SQS:ChangeMessageVisibility\"],\"Effect\":\"Allow\",\"Principal\":{\"AWS\":\"*\"},\"Resource\":\"*\",\"Sid\":\"MakersWebSQSQueuesPolicy\"}],\"Version\":\"2012-10-17\"}",
            "queue_url": "http://localhost:4566/000000000000/reversaPorPixQueue"
          },
          "sensitive_attributes": [],
          "private": "eyJzY2hlbWFfdmVyc2lvbiI6IjEifQ==",
          "dependencies": [
            "aws_sqs_queue.reversaPorPixQueue",
            "aws_sqs_queue.reversaPorPixQueue_dlq",
            "data.aws_iam_policy_document.sqs_queue_policy_document"
          ]
        }
      ]
    },
    {
      "mode": "managed",
      "type": "aws_sqs_queue_policy",
      "name": "reversaPorPixQueue_subscription",
      "provider": "provider[\"registry.terraform.io/hashicorp/aws\"]",
      "instances": [
        {
          "status": "tainted",
          "schema_version": 1,
          "attributes": {
            "id": "http://localhost:4566/000000000000/reversaPorPixQueue",
            "policy": "{\"Statement\":[{\"Action\":[\"sqs:SendMessage\"],\"Condition\":{\"ArnEquals\":{\"aws:SourceArn\":\"arn:aws:sns:us-east-1:000000000000:reversaRecebidaNotification\"}},\"Effect\":\"Allow\",\"Principal\":{\"Service\":\"sns.amazonaws.com\"},\"Resource\":[\"arn:aws:sqs:us-east-1:000000000000:reversaPorPixQueue\"]}],\"Version\":\"2012-10-17\"}",
            "queue_url": "http://localhost:4566/000000000000/reversaPorPixQueue"
          },
          "sensitive_attributes": [],
          "private": "eyJzY2hlbWFfdmVyc2lvbiI6IjEifQ==",
          "dependencies": [
            "aws_sns_topic.reversaRecebidaNotification",
            "aws_sqs_queue.reversaPorPixQueue",
            "aws_sqs_queue.reversaPorPixQueue_dlq"
          ]
        }
      ]
    }
  ],
  "check_results": null
}
